
Microsoft Visual Studio Solution File, Format Version 12.00
# Visual Studio Version 17
VisualStudioVersion = 17.4.33103.184
MinimumVisualStudioVersion = 10.0.40219.1
Project("{8BC9CEB8-8B4A-11D0-8D11-00A0C91BC942}") = "main", "main\main.vcxproj", "{B43D4F96-B119-40CB-BBA4-621135EE2D47}"
EndProject
Global
	GlobalSection(SolutionConfigurationPlatforms) = preSolution
		Debug|x64 = Debug|x64
		Debug|x86 = Debug|x86
		Release|x64 = Release|x64
		Release|x86 = Release|x86
	EndGlobalSection
	GlobalSection(ProjectConfigurationPlatforms) = postSolution
		{B43D4F96-B119-40CB-BBA4-621135EE2D47}.Debug|x64.ActiveCfg = Debug|x64
		{B43D4F96-B119-40CB-BBA4-621135EE2D47}.Debug|x64.Build.0 = Debug|x64
		{B43D4F96-B119-40CB-BBA4-621135EE2D47}.Debug|x86.ActiveCfg = Debug|Win32
		{B43D4F96-B119-40CB-BBA4-621135EE2D47}.Debug|x86.Build.0 = Debug|Win32
		{B43D4F96-B119-40CB-BBA4-621135EE2D47}.Release|x64.ActiveCfg = Release|x64
		{B43D4F96-B119-40CB-BBA4-621135EE2D47}.Release|x64.Build.0 = Release|x64
		{B43D4F96-B119-40CB-BBA4-621135EE2D47}.Release|x86.ActiveCfg = Release|Win32
		{B43D4F96-B119-40CB-BBA4-621135EE2D47}.Release|x86.Build.0 = Release|Win32
	EndGlobalSection
	GlobalSection(SolutionProperties) = preSolution
		HideSolutionNode = FALSE
	EndGlobalSection
	GlobalSection(ExtensibilityGlobals) = postSolution
		SolutionGuid = {5EE453C5-EFCF-40D1-9972-B8F8BC0FC816}
	EndGlobalSection
EndGlobal
